
Microsoft Visual Studio Solution File, Format Version 12.00
# Visual Studio Version 16
VisualStudioVersion = 16.0.31424.327
MinimumVisualStudioVersion = 10.0.40219.1
Project("{FAE04EC0-301F-11D3-BF4B-00C04F79EFBC}") = "INIF-KUTUPHANE-OTOMASYON", "INIF-KUTUPHANE-OTOMASYON\INIF-KUTUPHANE-OTOMASYON.csproj", "{6992DA59-8A51-4031-BCE1-C616A1FAC3AE}"
EndProject
Global
	GlobalSection(SolutionConfigurationPlatforms) = preSolution
		Debug|Any CPU = Debug|Any CPU
		Release|Any CPU = Release|Any CPU
	EndGlobalSection
	GlobalSection(ProjectConfigurationPlatforms) = postSolution
		{6992DA59-8A51-4031-BCE1-C616A1FAC3AE}.Debug|Any CPU.ActiveCfg = Debug|Any CPU
		{6992DA59-8A51-4031-BCE1-C616A1FAC3AE}.Debug|Any CPU.Build.0 = Debug|Any CPU
		{6992DA59-8A51-4031-BCE1-C616A1FAC3AE}.Release|Any CPU.ActiveCfg = Release|Any CPU
		{6992DA59-8A51-4031-BCE1-C616A1FAC3AE}.Release|Any CPU.Build.0 = Release|Any CPU
	EndGlobalSection
	GlobalSection(SolutionProperties) = preSolution
		HideSolutionNode = FALSE
	EndGlobalSection
	GlobalSection(ExtensibilityGlobals) = postSolution
		SolutionGuid = {F977ECF2-599B-43DF-8F72-F3312E466AFC}
	EndGlobalSection
EndGlobal
